
Microsoft Visual Studio Solution File, Format Version 12.00
# Visual Studio Express 15 for Windows Desktop
VisualStudioVersion = 15.0.27703.2047
MinimumVisualStudioVersion = 10.0.40219.1
Project("{FAE04EC0-301F-11D3-BF4B-00C04F79EFBC}") = "OperatorOverloading", "OperatorOverloading\OperatorOverloading.csproj", "{299A11C6-F45F-465B-B1B7-724F4D9C596D}"
EndProject
Global
	GlobalSection(SolutionConfigurationPlatforms) = preSolution
		Debug|Any CPU = Debug|Any CPU
		Release|Any CPU = Release|Any CPU
	EndGlobalSection
	GlobalSection(ProjectConfigurationPlatforms) = postSolution
		{299A11C6-F45F-465B-B1B7-724F4D9C596D}.Debug|Any CPU.ActiveCfg = Debug|Any CPU
		{299A11C6-F45F-465B-B1B7-724F4D9C596D}.Debug|Any CPU.Build.0 = Debug|Any CPU
		{299A11C6-F45F-465B-B1B7-724F4D9C596D}.Release|Any CPU.ActiveCfg = Release|Any CPU
		{299A11C6-F45F-465B-B1B7-724F4D9C596D}.Release|Any CPU.Build.0 = Release|Any CPU
	EndGlobalSection
	GlobalSection(SolutionProperties) = preSolution
		HideSolutionNode = FALSE
	EndGlobalSection
	GlobalSection(ExtensibilityGlobals) = postSolution
		SolutionGuid = {AD937E72-F290-4198-BE1D-E7C4A404A963}
	EndGlobalSection
EndGlobal
