
Microsoft Visual Studio Solution File, Format Version 12.00
# Visual Studio Express 15 for Windows Desktop
VisualStudioVersion = 15.0.27703.2047
MinimumVisualStudioVersion = 10.0.40219.1
Project("{FAE04EC0-301F-11D3-BF4B-00C04F79EFBC}") = "ProfileManagement", "ProfileManagement\ProfileManagement.csproj", "{0DFC0008-7A85-4D20-A669-948E85425938}"
EndProject
Global
	GlobalSection(SolutionConfigurationPlatforms) = preSolution
		Debug|Any CPU = Debug|Any CPU
		Release|Any CPU = Release|Any CPU
	EndGlobalSection
	GlobalSection(ProjectConfigurationPlatforms) = postSolution
		{0DFC0008-7A85-4D20-A669-948E85425938}.Debug|Any CPU.ActiveCfg = Debug|Any CPU
		{0DFC0008-7A85-4D20-A669-948E85425938}.Debug|Any CPU.Build.0 = Debug|Any CPU
		{0DFC0008-7A85-4D20-A669-948E85425938}.Release|Any CPU.ActiveCfg = Release|Any CPU
		{0DFC0008-7A85-4D20-A669-948E85425938}.Release|Any CPU.Build.0 = Release|Any CPU
	EndGlobalSection
	GlobalSection(SolutionProperties) = preSolution
		HideSolutionNode = FALSE
	EndGlobalSection
	GlobalSection(ExtensibilityGlobals) = postSolution
		SolutionGuid = {6E35F0A2-FED6-401D-8F0E-4DF4ADDBAE7B}
	EndGlobalSection
EndGlobal
