
Microsoft Visual Studio Solution File, Format Version 12.00
# Visual Studio Express 15 for Windows Desktop
VisualStudioVersion = 15.0.27703.2047
MinimumVisualStudioVersion = 10.0.40219.1
Project("{FAE04EC0-301F-11D3-BF4B-00C04F79EFBC}") = "LiscenceManagement", "LiscenceManagement\LiscenceManagement.csproj", "{C71BA85C-38CE-4E9F-AC99-F36AB171B69C}"
EndProject
Global
	GlobalSection(SolutionConfigurationPlatforms) = preSolution
		Debug|Any CPU = Debug|Any CPU
		Release|Any CPU = Release|Any CPU
	EndGlobalSection
	GlobalSection(ProjectConfigurationPlatforms) = postSolution
		{C71BA85C-38CE-4E9F-AC99-F36AB171B69C}.Debug|Any CPU.ActiveCfg = Debug|Any CPU
		{C71BA85C-38CE-4E9F-AC99-F36AB171B69C}.Debug|Any CPU.Build.0 = Debug|Any CPU
		{C71BA85C-38CE-4E9F-AC99-F36AB171B69C}.Release|Any CPU.ActiveCfg = Release|Any CPU
		{C71BA85C-38CE-4E9F-AC99-F36AB171B69C}.Release|Any CPU.Build.0 = Release|Any CPU
	EndGlobalSection
	GlobalSection(SolutionProperties) = preSolution
		HideSolutionNode = FALSE
	EndGlobalSection
	GlobalSection(ExtensibilityGlobals) = postSolution
		SolutionGuid = {EB637DC6-3D57-4036-940E-CBD6D636F19E}
	EndGlobalSection
EndGlobal
