
Microsoft Visual Studio Solution File, Format Version 12.00
# Visual Studio Express 15 for Windows Desktop
VisualStudioVersion = 15.0.27703.2047
MinimumVisualStudioVersion = 10.0.40219.1
Project("{FAE04EC0-301F-11D3-BF4B-00C04F79EFBC}") = "UserControlProgressBar", "UserControlProgressBar\UserControlProgressBar.csproj", "{2C697A83-CA1C-4524-B747-9B6BC3E881B4}"
EndProject
Global
	GlobalSection(SolutionConfigurationPlatforms) = preSolution
		Debug|Any CPU = Debug|Any CPU
		Release|Any CPU = Release|Any CPU
	EndGlobalSection
	GlobalSection(ProjectConfigurationPlatforms) = postSolution
		{2C697A83-CA1C-4524-B747-9B6BC3E881B4}.Debug|Any CPU.ActiveCfg = Debug|Any CPU
		{2C697A83-CA1C-4524-B747-9B6BC3E881B4}.Debug|Any CPU.Build.0 = Debug|Any CPU
		{2C697A83-CA1C-4524-B747-9B6BC3E881B4}.Release|Any CPU.ActiveCfg = Release|Any CPU
		{2C697A83-CA1C-4524-B747-9B6BC3E881B4}.Release|Any CPU.Build.0 = Release|Any CPU
	EndGlobalSection
	GlobalSection(SolutionProperties) = preSolution
		HideSolutionNode = FALSE
	EndGlobalSection
	GlobalSection(ExtensibilityGlobals) = postSolution
		SolutionGuid = {CDB0CF44-859A-4801-AEFE-152428C41C0A}
	EndGlobalSection
EndGlobal
