
Microsoft Visual Studio Solution File, Format Version 12.00
# Visual Studio Version 17
VisualStudioVersion = 17.7.34221.43
MinimumVisualStudioVersion = 10.0.40219.1
Project("{FAE04EC0-301F-11D3-BF4B-00C04F79EFBC}") = "Evaluation1New", "Evaluation1New\Evaluation1New.csproj", "{527C78B1-8683-4195-B09D-28EBD10529CB}"
EndProject
Global
	GlobalSection(SolutionConfigurationPlatforms) = preSolution
		Debug|Any CPU = Debug|Any CPU
		Release|Any CPU = Release|Any CPU
	EndGlobalSection
	GlobalSection(ProjectConfigurationPlatforms) = postSolution
		{527C78B1-8683-4195-B09D-28EBD10529CB}.Debug|Any CPU.ActiveCfg = Debug|Any CPU
		{527C78B1-8683-4195-B09D-28EBD10529CB}.Debug|Any CPU.Build.0 = Debug|Any CPU
		{527C78B1-8683-4195-B09D-28EBD10529CB}.Release|Any CPU.ActiveCfg = Release|Any CPU
		{527C78B1-8683-4195-B09D-28EBD10529CB}.Release|Any CPU.Build.0 = Release|Any CPU
	EndGlobalSection
	GlobalSection(SolutionProperties) = preSolution
		HideSolutionNode = FALSE
	EndGlobalSection
	GlobalSection(ExtensibilityGlobals) = postSolution
		SolutionGuid = {56FA260C-4BEE-41C7-80A9-78A5F367EBA2}
	EndGlobalSection
EndGlobal
