
Microsoft Visual Studio Solution File, Format Version 12.00
# Visual Studio Express 15 for Windows Desktop
VisualStudioVersion = 15.0.27703.2047
MinimumVisualStudioVersion = 10.0.40219.1
Project("{FAE04EC0-301F-11D3-BF4B-00C04F79EFBC}") = "WpfPractice", "WpfPractice\WpfPractice.csproj", "{7D3AA9DE-AA98-4A33-975F-CBC7A698ACFB}"
EndProject
Project("{FAE04EC0-301F-11D3-BF4B-00C04F79EFBC}") = "WeatherWatch", "WeatherWatch\WeatherWatch.csproj", "{881A3A90-6A6D-4385-9638-E7E9E906AE57}"
EndProject
Global
	GlobalSection(SolutionConfigurationPlatforms) = preSolution
		Debug|Any CPU = Debug|Any CPU
		Release|Any CPU = Release|Any CPU
	EndGlobalSection
	GlobalSection(ProjectConfigurationPlatforms) = postSolution
		{7D3AA9DE-AA98-4A33-975F-CBC7A698ACFB}.Debug|Any CPU.ActiveCfg = Debug|Any CPU
		{7D3AA9DE-AA98-4A33-975F-CBC7A698ACFB}.Debug|Any CPU.Build.0 = Debug|Any CPU
		{7D3AA9DE-AA98-4A33-975F-CBC7A698ACFB}.Release|Any CPU.ActiveCfg = Release|Any CPU
		{7D3AA9DE-AA98-4A33-975F-CBC7A698ACFB}.Release|Any CPU.Build.0 = Release|Any CPU
		{881A3A90-6A6D-4385-9638-E7E9E906AE57}.Debug|Any CPU.ActiveCfg = Debug|Any CPU
		{881A3A90-6A6D-4385-9638-E7E9E906AE57}.Debug|Any CPU.Build.0 = Debug|Any CPU
		{881A3A90-6A6D-4385-9638-E7E9E906AE57}.Release|Any CPU.ActiveCfg = Release|Any CPU
		{881A3A90-6A6D-4385-9638-E7E9E906AE57}.Release|Any CPU.Build.0 = Release|Any CPU
	EndGlobalSection
	GlobalSection(SolutionProperties) = preSolution
		HideSolutionNode = FALSE
	EndGlobalSection
	GlobalSection(ExtensibilityGlobals) = postSolution
		SolutionGuid = {6B0DE33C-4F96-40D3-B59E-6FBE5F05FF70}
	EndGlobalSection
EndGlobal
