
Microsoft Visual Studio Solution File, Format Version 12.00
# Visual Studio Express 15 for Windows Desktop
VisualStudioVersion = 15.0.27703.2047
MinimumVisualStudioVersion = 10.0.40219.1
Project("{FAE04EC0-301F-11D3-BF4B-00C04F79EFBC}") = "Evaluation3UserManagement", "Evaluation3UserManagement\Evaluation3UserManagement.csproj", "{0279CEAE-6787-45BA-9AB2-45A443F72CB5}"
EndProject
Global
	GlobalSection(SolutionConfigurationPlatforms) = preSolution
		Debug|Any CPU = Debug|Any CPU
		Release|Any CPU = Release|Any CPU
	EndGlobalSection
	GlobalSection(ProjectConfigurationPlatforms) = postSolution
		{0279CEAE-6787-45BA-9AB2-45A443F72CB5}.Debug|Any CPU.ActiveCfg = Debug|Any CPU
		{0279CEAE-6787-45BA-9AB2-45A443F72CB5}.Debug|Any CPU.Build.0 = Debug|Any CPU
		{0279CEAE-6787-45BA-9AB2-45A443F72CB5}.Release|Any CPU.ActiveCfg = Release|Any CPU
		{0279CEAE-6787-45BA-9AB2-45A443F72CB5}.Release|Any CPU.Build.0 = Release|Any CPU
	EndGlobalSection
	GlobalSection(SolutionProperties) = preSolution
		HideSolutionNode = FALSE
	EndGlobalSection
	GlobalSection(ExtensibilityGlobals) = postSolution
		SolutionGuid = {FBB99F59-5894-4ABA-8DD8-DDACC766B0FD}
	EndGlobalSection
EndGlobal
