
Microsoft Visual Studio Solution File, Format Version 12.00
# Visual Studio Express 15 for Windows Desktop
VisualStudioVersion = 15.0.27703.2047
MinimumVisualStudioVersion = 10.0.40219.1
Project("{FAE04EC0-301F-11D3-BF4B-00C04F79EFBC}") = "SecondProgram", "SecondProgram\SecondProgram.csproj", "{CA1A417B-1736-4C96-9B1B-09BE5B00A14F}"
EndProject
Global
	GlobalSection(SolutionConfigurationPlatforms) = preSolution
		Debug|Any CPU = Debug|Any CPU
		Release|Any CPU = Release|Any CPU
	EndGlobalSection
	GlobalSection(ProjectConfigurationPlatforms) = postSolution
		{CA1A417B-1736-4C96-9B1B-09BE5B00A14F}.Debug|Any CPU.ActiveCfg = Debug|Any CPU
		{CA1A417B-1736-4C96-9B1B-09BE5B00A14F}.Debug|Any CPU.Build.0 = Debug|Any CPU
		{CA1A417B-1736-4C96-9B1B-09BE5B00A14F}.Release|Any CPU.ActiveCfg = Release|Any CPU
		{CA1A417B-1736-4C96-9B1B-09BE5B00A14F}.Release|Any CPU.Build.0 = Release|Any CPU
	EndGlobalSection
	GlobalSection(SolutionProperties) = preSolution
		HideSolutionNode = FALSE
	EndGlobalSection
	GlobalSection(ExtensibilityGlobals) = postSolution
		SolutionGuid = {17858928-946E-4BBC-AED9-72DF4AF1A28C}
	EndGlobalSection
EndGlobal
