
Microsoft Visual Studio Solution File, Format Version 12.00
# Visual Studio Express 15 for Windows Desktop
VisualStudioVersion = 15.0.27703.2047
MinimumVisualStudioVersion = 10.0.40219.1
Project("{FAE04EC0-301F-11D3-BF4B-00C04F79EFBC}") = "ShapeVideoRecorder", "ShapeVideoRecorder\ShapeVideoRecorder.csproj", "{8CD313F6-AC69-41FA-B06C-E77515580AFC}"
EndProject
Project("{FAE04EC0-301F-11D3-BF4B-00C04F79EFBC}") = "TextRecorder", "TextRecorder\TextRecorder.csproj", "{5BCD3838-8790-471F-8EA4-9BB40243DDAD}"
EndProject
Global
	GlobalSection(SolutionConfigurationPlatforms) = preSolution
		Debug|Any CPU = Debug|Any CPU
		Release|Any CPU = Release|Any CPU
	EndGlobalSection
	GlobalSection(ProjectConfigurationPlatforms) = postSolution
		{8CD313F6-AC69-41FA-B06C-E77515580AFC}.Debug|Any CPU.ActiveCfg = Debug|Any CPU
		{8CD313F6-AC69-41FA-B06C-E77515580AFC}.Debug|Any CPU.Build.0 = Debug|Any CPU
		{8CD313F6-AC69-41FA-B06C-E77515580AFC}.Release|Any CPU.ActiveCfg = Release|Any CPU
		{8CD313F6-AC69-41FA-B06C-E77515580AFC}.Release|Any CPU.Build.0 = Release|Any CPU
		{5BCD3838-8790-471F-8EA4-9BB40243DDAD}.Debug|Any CPU.ActiveCfg = Debug|Any CPU
		{5BCD3838-8790-471F-8EA4-9BB40243DDAD}.Debug|Any CPU.Build.0 = Debug|Any CPU
		{5BCD3838-8790-471F-8EA4-9BB40243DDAD}.Release|Any CPU.ActiveCfg = Release|Any CPU
		{5BCD3838-8790-471F-8EA4-9BB40243DDAD}.Release|Any CPU.Build.0 = Release|Any CPU
	EndGlobalSection
	GlobalSection(SolutionProperties) = preSolution
		HideSolutionNode = FALSE
	EndGlobalSection
	GlobalSection(ExtensibilityGlobals) = postSolution
		SolutionGuid = {45650506-DF27-4193-839A-014A0403FD35}
	EndGlobalSection
EndGlobal
