
Microsoft Visual Studio Solution File, Format Version 12.00
# Visual Studio Express 15 for Windows Desktop
VisualStudioVersion = 15.0.27703.2047
MinimumVisualStudioVersion = 10.0.40219.1
Project("{FAE04EC0-301F-11D3-BF4B-00C04F79EFBC}") = "AnalogClock", "AnalogClock\AnalogClock.csproj", "{E4359341-8757-46A4-BA05-00C0AFED5EE7}"
EndProject
Global
	GlobalSection(SolutionConfigurationPlatforms) = preSolution
		Debug|Any CPU = Debug|Any CPU
		Release|Any CPU = Release|Any CPU
	EndGlobalSection
	GlobalSection(ProjectConfigurationPlatforms) = postSolution
		{E4359341-8757-46A4-BA05-00C0AFED5EE7}.Debug|Any CPU.ActiveCfg = Debug|Any CPU
		{E4359341-8757-46A4-BA05-00C0AFED5EE7}.Debug|Any CPU.Build.0 = Debug|Any CPU
		{E4359341-8757-46A4-BA05-00C0AFED5EE7}.Release|Any CPU.ActiveCfg = Release|Any CPU
		{E4359341-8757-46A4-BA05-00C0AFED5EE7}.Release|Any CPU.Build.0 = Release|Any CPU
	EndGlobalSection
	GlobalSection(SolutionProperties) = preSolution
		HideSolutionNode = FALSE
	EndGlobalSection
	GlobalSection(ExtensibilityGlobals) = postSolution
		SolutionGuid = {4058694C-0591-4EDC-A88B-CB4E664F01D6}
	EndGlobalSection
EndGlobal
