
Microsoft Visual Studio Solution File, Format Version 12.00
# Visual Studio Express 15 for Windows Desktop
VisualStudioVersion = 15.0.27703.2047
MinimumVisualStudioVersion = 10.0.40219.1
Project("{FAE04EC0-301F-11D3-BF4B-00C04F79EFBC}") = "ToggleButtonExample", "ToggleButtonExample\ToggleButtonExample.csproj", "{307DDEC3-33BE-4811-8385-46FA2D60E30A}"
EndProject
Global
	GlobalSection(SolutionConfigurationPlatforms) = preSolution
		Debug|Any CPU = Debug|Any CPU
		Release|Any CPU = Release|Any CPU
	EndGlobalSection
	GlobalSection(ProjectConfigurationPlatforms) = postSolution
		{307DDEC3-33BE-4811-8385-46FA2D60E30A}.Debug|Any CPU.ActiveCfg = Debug|Any CPU
		{307DDEC3-33BE-4811-8385-46FA2D60E30A}.Debug|Any CPU.Build.0 = Debug|Any CPU
		{307DDEC3-33BE-4811-8385-46FA2D60E30A}.Release|Any CPU.ActiveCfg = Release|Any CPU
		{307DDEC3-33BE-4811-8385-46FA2D60E30A}.Release|Any CPU.Build.0 = Release|Any CPU
	EndGlobalSection
	GlobalSection(SolutionProperties) = preSolution
		HideSolutionNode = FALSE
	EndGlobalSection
	GlobalSection(ExtensibilityGlobals) = postSolution
		SolutionGuid = {4440D5DA-618A-4C90-8B27-55878356EF2C}
	EndGlobalSection
EndGlobal
