
Microsoft Visual Studio Solution File, Format Version 12.00
# Visual Studio Express 15 for Windows Desktop
VisualStudioVersion = 15.0.27703.2047
MinimumVisualStudioVersion = 10.0.40219.1
Project("{FAE04EC0-301F-11D3-BF4B-00C04F79EFBC}") = "FormsPractice", "FormsPractice\FormsPractice.csproj", "{931CA345-5246-4294-B77B-4129F6861322}"
EndProject
Global
	GlobalSection(SolutionConfigurationPlatforms) = preSolution
		Debug|Any CPU = Debug|Any CPU
		Release|Any CPU = Release|Any CPU
	EndGlobalSection
	GlobalSection(ProjectConfigurationPlatforms) = postSolution
		{931CA345-5246-4294-B77B-4129F6861322}.Debug|Any CPU.ActiveCfg = Debug|Any CPU
		{931CA345-5246-4294-B77B-4129F6861322}.Debug|Any CPU.Build.0 = Debug|Any CPU
		{931CA345-5246-4294-B77B-4129F6861322}.Release|Any CPU.ActiveCfg = Release|Any CPU
		{931CA345-5246-4294-B77B-4129F6861322}.Release|Any CPU.Build.0 = Release|Any CPU
	EndGlobalSection
	GlobalSection(SolutionProperties) = preSolution
		HideSolutionNode = FALSE
	EndGlobalSection
	GlobalSection(ExtensibilityGlobals) = postSolution
		SolutionGuid = {3BF1FDE4-6A4B-4969-AA2A-168423EAD068}
	EndGlobalSection
EndGlobal
