
Microsoft Visual Studio Solution File, Format Version 12.00
# Visual Studio Express 15 for Windows Desktop
VisualStudioVersion = 15.0.27703.2047
MinimumVisualStudioVersion = 10.0.40219.1
Project("{FAE04EC0-301F-11D3-BF4B-00C04F79EFBC}") = "DrawAlphabets", "DrawAlphabets\DrawAlphabets.csproj", "{B53904F5-AE6A-4E8B-9691-77B2774E1F83}"
EndProject
Global
	GlobalSection(SolutionConfigurationPlatforms) = preSolution
		Debug|Any CPU = Debug|Any CPU
		Release|Any CPU = Release|Any CPU
	EndGlobalSection
	GlobalSection(ProjectConfigurationPlatforms) = postSolution
		{B53904F5-AE6A-4E8B-9691-77B2774E1F83}.Debug|Any CPU.ActiveCfg = Debug|Any CPU
		{B53904F5-AE6A-4E8B-9691-77B2774E1F83}.Debug|Any CPU.Build.0 = Debug|Any CPU
		{B53904F5-AE6A-4E8B-9691-77B2774E1F83}.Release|Any CPU.ActiveCfg = Release|Any CPU
		{B53904F5-AE6A-4E8B-9691-77B2774E1F83}.Release|Any CPU.Build.0 = Release|Any CPU
	EndGlobalSection
	GlobalSection(SolutionProperties) = preSolution
		HideSolutionNode = FALSE
	EndGlobalSection
	GlobalSection(ExtensibilityGlobals) = postSolution
		SolutionGuid = {33D8A588-528F-4DEA-A223-36EC514A7D83}
	EndGlobalSection
EndGlobal
